
Microsoft Visual Studio Solution File, Format Version 12.00
# Visual Studio Version 17
VisualStudioVersion = 17.11.35327.3
MinimumVisualStudioVersion = 10.0.40219.1
Project("{F184B08F-C81C-45F6-A57F-5ABD9991F28F}") = "Farmdirect-2", "Farmdirect-2\Farmdirect-2.vbproj", "{B995935F-D764-4E7E-8A69-804D7A2E17DA}"
EndProject
Global
	GlobalSection(SolutionConfigurationPlatforms) = preSolution
		Debug|Any CPU = Debug|Any CPU
		Release|Any CPU = Release|Any CPU
	EndGlobalSection
	GlobalSection(ProjectConfigurationPlatforms) = postSolution
		{B995935F-D764-4E7E-8A69-804D7A2E17DA}.Debug|Any CPU.ActiveCfg = Debug|Any CPU
		{B995935F-D764-4E7E-8A69-804D7A2E17DA}.Debug|Any CPU.Build.0 = Debug|Any CPU
		{B995935F-D764-4E7E-8A69-804D7A2E17DA}.Release|Any CPU.ActiveCfg = Release|Any CPU
		{B995935F-D764-4E7E-8A69-804D7A2E17DA}.Release|Any CPU.Build.0 = Release|Any CPU
	EndGlobalSection
	GlobalSection(SolutionProperties) = preSolution
		HideSolutionNode = FALSE
	EndGlobalSection
	GlobalSection(ExtensibilityGlobals) = postSolution
		SolutionGuid = {93D6532D-4187-479D-B1AC-77CD992AC7BA}
	EndGlobalSection
EndGlobal
